// !$*UTF8*$!
{
	archiveVersion = 1;
	classes = {
	};
	objectVersion = 56;
	objects = {

/* Begin PBXBuildFile section */
		E6CBF42929368BAB0089C9A7 /* PrivacyPolicy.pdf in Resources */ = {isa = PBXBuildFile; fileRef = E6CBF42829368BAB0089C9A7 /* PrivacyPolicy.pdf */; };
		EA043F44290A1C8B0012EFC4 /* Splash.swift in Sources */ = {isa = PBXBuildFile; fileRef = EA043F43290A1C8B0012EFC4 /* Splash.swift */; };
		EA043F46290A1E1B0012EFC4 /* Login.swift in Sources */ = {isa = PBXBuildFile; fileRef = EA043F45290A1E1B0012EFC4 /* Login.swift */; };
		EA043F48290A1EEA0012EFC4 /* Welcome.swift in Sources */ = {isa = PBXBuildFile; fileRef = EA043F47290A1EEA0012EFC4 /* Welcome.swift */; };
		EA07C332292FBFF9005F4DBF /* AuthenticationViewModel.swift in Sources */ = {isa = PBXBuildFile; fileRef = EA07C331292FBFF9005F4DBF /* AuthenticationViewModel.swift */; };
		EA4108572936A324009FDDA7 /* DatabaseModel.swift in Sources */ = {isa = PBXBuildFile; fileRef = EA4108562936A324009FDDA7 /* DatabaseModel.swift */; };
		EA5CA9B52904766000D2DD4D /* TuHuellaAlimentariaBAMXApp.swift in Sources */ = {isa = PBXBuildFile; fileRef = EA5CA9B42904766000D2DD4D /* TuHuellaAlimentariaBAMXApp.swift */; };
		EA5CA9B92904766100D2DD4D /* Assets.xcassets in Resources */ = {isa = PBXBuildFile; fileRef = EA5CA9B82904766100D2DD4D /* Assets.xcassets */; };
		EA5CA9BC2904766100D2DD4D /* Preview Assets.xcassets in Resources */ = {isa = PBXBuildFile; fileRef = EA5CA9BB2904766100D2DD4D /* Preview Assets.xcassets */; };
		EA5CA9C62904766100D2DD4D /* TuHuellaAlimentariaBAMXTests.swift in Sources */ = {isa = PBXBuildFile; fileRef = EA5CA9C52904766100D2DD4D /* TuHuellaAlimentariaBAMXTests.swift */; };
		EA5CA9D02904766100D2DD4D /* TuHuellaAlimentariaBAMXUITests.swift in Sources */ = {isa = PBXBuildFile; fileRef = EA5CA9CF2904766100D2DD4D /* TuHuellaAlimentariaBAMXUITests.swift */; };
		EA5CA9D22904766100D2DD4D /* TuHuellaAlimentariaBAMXUITestsLaunchTests.swift in Sources */ = {isa = PBXBuildFile; fileRef = EA5CA9D12904766100D2DD4D /* TuHuellaAlimentariaBAMXUITestsLaunchTests.swift */; };
		EA785A58290F408700FD7639 /* Instructions.swift in Sources */ = {isa = PBXBuildFile; fileRef = EA785A57290F408700FD7639 /* Instructions.swift */; };
		EA785A5A290F45D100FD7639 /* FooterButton.swift in Sources */ = {isa = PBXBuildFile; fileRef = EA785A59290F45D100FD7639 /* FooterButton.swift */; };
		EA8F0B14292EAB31009E73C6 /* FirebaseAuth in Frameworks */ = {isa = PBXBuildFile; productRef = EA8F0B13292EAB31009E73C6 /* FirebaseAuth */; };
		EA8F0B16292EAB31009E73C6 /* FirebaseDatabase in Frameworks */ = {isa = PBXBuildFile; productRef = EA8F0B15292EAB31009E73C6 /* FirebaseDatabase */; };
		EA8F0B18292EAB31009E73C6 /* FirebaseDatabaseSwift in Frameworks */ = {isa = PBXBuildFile; productRef = EA8F0B17292EAB31009E73C6 /* FirebaseDatabaseSwift */; };
		EA8F0B1A292EB174009E73C6 /* GoogleService-Info.plist in Resources */ = {isa = PBXBuildFile; fileRef = EA8F0B19292EB174009E73C6 /* GoogleService-Info.plist */; };
		EA8F0B20292FBC3C009E73C6 /* GoogleSignIn in Frameworks */ = {isa = PBXBuildFile; productRef = EA8F0B1F292FBC3C009E73C6 /* GoogleSignIn */; };
		EAA746F7293030A3003AE115 /* QuestionsViewModel.swift in Sources */ = {isa = PBXBuildFile; fileRef = EAA746F6293030A3003AE115 /* QuestionsViewModel.swift */; };
		F1883F1A291BE1670000959D /* Question.swift in Sources */ = {isa = PBXBuildFile; fileRef = F1883F17291BE1670000959D /* Question.swift */; };
		F1883F1B291BE1670000959D /* Footprint.swift in Sources */ = {isa = PBXBuildFile; fileRef = F1883F18291BE1670000959D /* Footprint.swift */; };
		F1883F1C291BE1670000959D /* Donate.swift in Sources */ = {isa = PBXBuildFile; fileRef = F1883F19291BE1670000959D /* Donate.swift */; };
		F1DAB27029251C63002F093B /* MotherView.swift in Sources */ = {isa = PBXBuildFile; fileRef = F1DAB26F29251C63002F093B /* MotherView.swift */; };
		F1DAB27229251CA9002F093B /* Helper.swift in Sources */ = {isa = PBXBuildFile; fileRef = F1DAB27129251CA9002F093B /* Helper.swift */; };
		F1DAB27429251F2E002F093B /* ViewRouter.swift in Sources */ = {isa = PBXBuildFile; fileRef = F1DAB27329251F2E002F093B /* ViewRouter.swift */; };
/* End PBXBuildFile section */

/* Begin PBXContainerItemProxy section */
		EA5CA9C22904766100D2DD4D /* PBXContainerItemProxy */ = {
			isa = PBXContainerItemProxy;
			containerPortal = EA5CA9A92904766000D2DD4D /* Project object */;
			proxyType = 1;
			remoteGlobalIDString = EA5CA9B02904766000D2DD4D;
			remoteInfo = TuHuellaAlimentariaBAMX;
		};
		EA5CA9CC2904766100D2DD4D /* PBXContainerItemProxy */ = {
			isa = PBXContainerItemProxy;
			containerPortal = EA5CA9A92904766000D2DD4D /* Project object */;
			proxyType = 1;
			remoteGlobalIDString = EA5CA9B02904766000D2DD4D;
			remoteInfo = TuHuellaAlimentariaBAMX;
		};
/* End PBXContainerItemProxy section */

/* Begin PBXFileReference section */
		E6CBF42829368BAB0089C9A7 /* PrivacyPolicy.pdf */ = {isa = PBXFileReference; lastKnownFileType = image.pdf; name = PrivacyPolicy.pdf; path = TuHuellaAlimentariaBAMX/PrivacyPolicy.pdf; sourceTree = "<group>"; };
		EA043F43290A1C8B0012EFC4 /* Splash.swift */ = {isa = PBXFileReference; lastKnownFileType = sourcecode.swift; path = Splash.swift; sourceTree = "<group>"; };
		EA043F45290A1E1B0012EFC4 /* Login.swift */ = {isa = PBXFileReference; lastKnownFileType = sourcecode.swift; path = Login.swift; sourceTree = "<group>"; };
		EA043F47290A1EEA0012EFC4 /* Welcome.swift */ = {isa = PBXFileReference; lastKnownFileType = sourcecode.swift; path = Welcome.swift; sourceTree = "<group>"; };
		EA07C331292FBFF9005F4DBF /* AuthenticationViewModel.swift */ = {isa = PBXFileReference; lastKnownFileType = sourcecode.swift; path = AuthenticationViewModel.swift; sourceTree = "<group>"; };
		EA4108562936A324009FDDA7 /* DatabaseModel.swift */ = {isa = PBXFileReference; lastKnownFileType = sourcecode.swift; path = DatabaseModel.swift; sourceTree = "<group>"; };
		EA5CA9B12904766000D2DD4D /* TuHuellaAlimentariaBAMX.app */ = {isa = PBXFileReference; explicitFileType = wrapper.application; includeInIndex = 0; path = TuHuellaAlimentariaBAMX.app; sourceTree = BUILT_PRODUCTS_DIR; };
		EA5CA9B42904766000D2DD4D /* TuHuellaAlimentariaBAMXApp.swift */ = {isa = PBXFileReference; lastKnownFileType = sourcecode.swift; path = TuHuellaAlimentariaBAMXApp.swift; sourceTree = "<group>"; };
		EA5CA9B82904766100D2DD4D /* Assets.xcassets */ = {isa = PBXFileReference; lastKnownFileType = folder.assetcatalog; path = Assets.xcassets; sourceTree = "<group>"; };
		EA5CA9BB2904766100D2DD4D /* Preview Assets.xcassets */ = {isa = PBXFileReference; lastKnownFileType = folder.assetcatalog; path = "Preview Assets.xcassets"; sourceTree = "<group>"; };
		EA5CA9C12904766100D2DD4D /* TuHuellaAlimentariaBAMXTests.xctest */ = {isa = PBXFileReference; explicitFileType = wrapper.cfbundle; includeInIndex = 0; path = TuHuellaAlimentariaBAMXTests.xctest; sourceTree = BUILT_PRODUCTS_DIR; };
		EA5CA9C52904766100D2DD4D /* TuHuellaAlimentariaBAMXTests.swift */ = {isa = PBXFileReference; lastKnownFileType = sourcecode.swift; path = TuHuellaAlimentariaBAMXTests.swift; sourceTree = "<group>"; };
		EA5CA9CB2904766100D2DD4D /* TuHuellaAlimentariaBAMXUITests.xctest */ = {isa = PBXFileReference; explicitFileType = wrapper.cfbundle; includeInIndex = 0; path = TuHuellaAlimentariaBAMXUITests.xctest; sourceTree = BUILT_PRODUCTS_DIR; };
		EA5CA9CF2904766100D2DD4D /* TuHuellaAlimentariaBAMXUITests.swift */ = {isa = PBXFileReference; lastKnownFileType = sourcecode.swift; path = TuHuellaAlimentariaBAMXUITests.swift; sourceTree = "<group>"; };
		EA5CA9D12904766100D2DD4D /* TuHuellaAlimentariaBAMXUITestsLaunchTests.swift */ = {isa = PBXFileReference; lastKnownFileType = sourcecode.swift; path = TuHuellaAlimentariaBAMXUITestsLaunchTests.swift; sourceTree = "<group>"; };
		EA785A57290F408700FD7639 /* Instructions.swift */ = {isa = PBXFileReference; lastKnownFileType = sourcecode.swift; path = Instructions.swift; sourceTree = "<group>"; };
		EA785A59290F45D100FD7639 /* FooterButton.swift */ = {isa = PBXFileReference; lastKnownFileType = sourcecode.swift; path = FooterButton.swift; sourceTree = "<group>"; };
		EA8F0B19292EB174009E73C6 /* GoogleService-Info.plist */ = {isa = PBXFileReference; fileEncoding = 4; lastKnownFileType = text.plist.xml; path = "GoogleService-Info.plist"; sourceTree = "<group>"; };
		EAA746F6293030A3003AE115 /* QuestionsViewModel.swift */ = {isa = PBXFileReference; lastKnownFileType = sourcecode.swift; path = QuestionsViewModel.swift; sourceTree = "<group>"; };
		F1883F17291BE1670000959D /* Question.swift */ = {isa = PBXFileReference; fileEncoding = 4; lastKnownFileType = sourcecode.swift; path = Question.swift; sourceTree = "<group>"; };
		F1883F18291BE1670000959D /* Footprint.swift */ = {isa = PBXFileReference; fileEncoding = 4; lastKnownFileType = sourcecode.swift; path = Footprint.swift; sourceTree = "<group>"; };
		F1883F19291BE1670000959D /* Donate.swift */ = {isa = PBXFileReference; fileEncoding = 4; lastKnownFileType = sourcecode.swift; path = Donate.swift; sourceTree = "<group>"; };
		F1DAB26F29251C63002F093B /* MotherView.swift */ = {isa = PBXFileReference; lastKnownFileType = sourcecode.swift; path = MotherView.swift; sourceTree = "<group>"; };
		F1DAB27129251CA9002F093B /* Helper.swift */ = {isa = PBXFileReference; lastKnownFileType = sourcecode.swift; path = Helper.swift; sourceTree = "<group>"; };
		F1DAB27329251F2E002F093B /* ViewRouter.swift */ = {isa = PBXFileReference; lastKnownFileType = sourcecode.swift; path = ViewRouter.swift; sourceTree = "<group>"; };
/* End PBXFileReference section */

/* Begin PBXFrameworksBuildPhase section */
		EA5CA9AE2904766000D2DD4D /* Frameworks */ = {
			isa = PBXFrameworksBuildPhase;
			buildActionMask = 2147483647;
			files = (
				EA8F0B18292EAB31009E73C6 /* FirebaseDatabaseSwift in Frameworks */,
				EA8F0B20292FBC3C009E73C6 /* GoogleSignIn in Frameworks */,
				EA8F0B16292EAB31009E73C6 /* FirebaseDatabase in Frameworks */,
				EA8F0B14292EAB31009E73C6 /* FirebaseAuth in Frameworks */,
			);
			runOnlyForDeploymentPostprocessing = 0;
		};
		EA5CA9BE2904766100D2DD4D /* Frameworks */ = {
			isa = PBXFrameworksBuildPhase;
			buildActionMask = 2147483647;
			files = (
			);
			runOnlyForDeploymentPostprocessing = 0;
		};
		EA5CA9C82904766100D2DD4D /* Frameworks */ = {
			isa = PBXFrameworksBuildPhase;
			buildActionMask = 2147483647;
			files = (
			);
			runOnlyForDeploymentPostprocessing = 0;
		};
/* End PBXFrameworksBuildPhase section */

/* Begin PBXGroup section */
		EA5CA9A82904766000D2DD4D = {
			isa = PBXGroup;
			children = (
				E6CBF42829368BAB0089C9A7 /* PrivacyPolicy.pdf */,
				EA5CA9B32904766000D2DD4D /* TuHuellaAlimentariaBAMX */,
				EA5CA9C42904766100D2DD4D /* TuHuellaAlimentariaBAMXTests */,
				EA5CA9CE2904766100D2DD4D /* TuHuellaAlimentariaBAMXUITests */,
				EA5CA9B22904766000D2DD4D /* Products */,
			);
			sourceTree = "<group>";
		};
		EA5CA9B22904766000D2DD4D /* Products */ = {
			isa = PBXGroup;
			children = (
				EA5CA9B12904766000D2DD4D /* TuHuellaAlimentariaBAMX.app */,
				EA5CA9C12904766100D2DD4D /* TuHuellaAlimentariaBAMXTests.xctest */,
				EA5CA9CB2904766100D2DD4D /* TuHuellaAlimentariaBAMXUITests.xctest */,
			);
			name = Products;
			sourceTree = "<group>";
		};
		EA5CA9B32904766000D2DD4D /* TuHuellaAlimentariaBAMX */ = {
			isa = PBXGroup;
			children = (
				EA5CA9B42904766000D2DD4D /* TuHuellaAlimentariaBAMXApp.swift */,
				F1DAB26F29251C63002F093B /* MotherView.swift */,
				EA043F43290A1C8B0012EFC4 /* Splash.swift */,
				EA043F45290A1E1B0012EFC4 /* Login.swift */,
				EA043F47290A1EEA0012EFC4 /* Welcome.swift */,
				EA785A57290F408700FD7639 /* Instructions.swift */,
				F1883F17291BE1670000959D /* Question.swift */,
				F1883F18291BE1670000959D /* Footprint.swift */,
				F1883F19291BE1670000959D /* Donate.swift */,
				F1DAB27129251CA9002F093B /* Helper.swift */,
				F1DAB27329251F2E002F093B /* ViewRouter.swift */,
				EA785A59290F45D100FD7639 /* FooterButton.swift */,
				EA5CA9B82904766100D2DD4D /* Assets.xcassets */,
				EA8F0B19292EB174009E73C6 /* GoogleService-Info.plist */,
				EA07C331292FBFF9005F4DBF /* AuthenticationViewModel.swift */,
				EA4108562936A324009FDDA7 /* DatabaseModel.swift */,
				EAA746F6293030A3003AE115 /* QuestionsViewModel.swift */,
				EA5CA9BA2904766100D2DD4D /* Preview Content */,
			);
			path = TuHuellaAlimentariaBAMX;
			sourceTree = "<group>";
		};
		EA5CA9BA2904766100D2DD4D /* Preview Content */ = {
			isa = PBXGroup;
			children = (
				EA5CA9BB2904766100D2DD4D /* Preview Assets.xcassets */,
			);
			path = "Preview Content";
			sourceTree = "<group>";
		};
		EA5CA9C42904766100D2DD4D /* TuHuellaAlimentariaBAMXTests */ = {
			isa = PBXGroup;
			children = (
				EA5CA9C52904766100D2DD4D /* TuHuellaAlimentariaBAMXTests.swift */,
			);
			path = TuHuellaAlimentariaBAMXTests;
			sourceTree = "<group>";
		};
		EA5CA9CE2904766100D2DD4D /* TuHuellaAlimentariaBAMXUITests */ = {
			isa = PBXGroup;
			children = (
				EA5CA9CF2904766100D2DD4D /* TuHuellaAlimentariaBAMXUITests.swift */,
				EA5CA9D12904766100D2DD4D /* TuHuellaAlimentariaBAMXUITestsLaunchTests.swift */,
			);
			path = TuHuellaAlimentariaBAMXUITests;
			sourceTree = "<group>";
		};
/* End PBXGroup section */

/* Begin PBXNativeTarget section */
		EA5CA9B02904766000D2DD4D /* TuHuellaAlimentariaBAMX */ = {
			isa = PBXNativeTarget;
			buildConfigurationList = EA5CA9D52904766100D2DD4D /* Build configuration list for PBXNativeTarget "TuHuellaAlimentariaBAMX" */;
			buildPhases = (
				EA5CA9AD2904766000D2DD4D /* Sources */,
				EA5CA9AE2904766000D2DD4D /* Frameworks */,
				EA5CA9AF2904766000D2DD4D /* Resources */,
			);
			buildRules = (
			);
			dependencies = (
			);
			name = TuHuellaAlimentariaBAMX;
			packageProductDependencies = (
				EA8F0B13292EAB31009E73C6 /* FirebaseAuth */,
				EA8F0B15292EAB31009E73C6 /* FirebaseDatabase */,
				EA8F0B17292EAB31009E73C6 /* FirebaseDatabaseSwift */,
				EA8F0B1F292FBC3C009E73C6 /* GoogleSignIn */,
			);
			productName = TuHuellaAlimentariaBAMX;
			productReference = EA5CA9B12904766000D2DD4D /* TuHuellaAlimentariaBAMX.app */;
			productType = "com.apple.product-type.application";
		};
		EA5CA9C02904766100D2DD4D /* TuHuellaAlimentariaBAMXTests */ = {
			isa = PBXNativeTarget;
			buildConfigurationList = EA5CA9D82904766100D2DD4D /* Build configuration list for PBXNativeTarget "TuHuellaAlimentariaBAMXTests" */;
			buildPhases = (
				EA5CA9BD2904766100D2DD4D /* Sources */,
				EA5CA9BE2904766100D2DD4D /* Frameworks */,
				EA5CA9BF2904766100D2DD4D /* Resources */,
			);
			buildRules = (
			);
			dependencies = (
				EA5CA9C32904766100D2DD4D /* PBXTargetDependency */,
			);
			name = TuHuellaAlimentariaBAMXTests;
			productName = TuHuellaAlimentariaBAMXTests;
			productReference = EA5CA9C12904766100D2DD4D /* TuHuellaAlimentariaBAMXTests.xctest */;
			productType = "com.apple.product-type.bundle.unit-test";
		};
		EA5CA9CA2904766100D2DD4D /* TuHuellaAlimentariaBAMXUITests */ = {
			isa = PBXNativeTarget;
			buildConfigurationList = EA5CA9DB2904766100D2DD4D /* Build configuration list for PBXNativeTarget "TuHuellaAlimentariaBAMXUITests" */;
			buildPhases = (
				EA5CA9C72904766100D2DD4D /* Sources */,
				EA5CA9C82904766100D2DD4D /* Frameworks */,
				EA5CA9C92904766100D2DD4D /* Resources */,
			);
			buildRules = (
			);
			dependencies = (
				EA5CA9CD2904766100D2DD4D /* PBXTargetDependency */,
			);
			name = TuHuellaAlimentariaBAMXUITests;
			productName = TuHuellaAlimentariaBAMXUITests;
			productReference = EA5CA9CB2904766100D2DD4D /* TuHuellaAlimentariaBAMXUITests.xctest */;
			productType = "com.apple.product-type.bundle.ui-testing";
		};
/* End PBXNativeTarget section */

/* Begin PBXProject section */
		EA5CA9A92904766000D2DD4D /* Project object */ = {
			isa = PBXProject;
			attributes = {
				BuildIndependentTargetsInParallel = 1;
				LastSwiftUpdateCheck = 1400;
				LastUpgradeCheck = 1400;
				TargetAttributes = {
					EA5CA9B02904766000D2DD4D = {
						CreatedOnToolsVersion = 14.0.1;
					};
					EA5CA9C02904766100D2DD4D = {
						CreatedOnToolsVersion = 14.0.1;
						TestTargetID = EA5CA9B02904766000D2DD4D;
					};
					EA5CA9CA2904766100D2DD4D = {
						CreatedOnToolsVersion = 14.0.1;
						TestTargetID = EA5CA9B02904766000D2DD4D;
					};
				};
			};
			buildConfigurationList = EA5CA9AC2904766000D2DD4D /* Build configuration list for PBXProject "TuHuellaAlimentariaBAMX" */;
			compatibilityVersion = "Xcode 14.0";
			developmentRegion = en;
			hasScannedForEncodings = 0;
			knownRegions = (
				en,
				Base,
			);
			mainGroup = EA5CA9A82904766000D2DD4D;
			packageReferences = (
				EA8F0B12292EAB31009E73C6 /* XCRemoteSwiftPackageReference "firebase-ios-sdk" */,
				EA8F0B1E292FBC3C009E73C6 /* XCRemoteSwiftPackageReference "GoogleSignIn-iOS" */,
			);
			productRefGroup = EA5CA9B22904766000D2DD4D /* Products */;
			projectDirPath = "";
			projectRoot = "";
			targets = (
				EA5CA9B02904766000D2DD4D /* TuHuellaAlimentariaBAMX */,
				EA5CA9C02904766100D2DD4D /* TuHuellaAlimentariaBAMXTests */,
				EA5CA9CA2904766100D2DD4D /* TuHuellaAlimentariaBAMXUITests */,
			);
		};
/* End PBXProject section */

/* Begin PBXResourcesBuildPhase section */
		EA5CA9AF2904766000D2DD4D /* Resources */ = {
			isa = PBXResourcesBuildPhase;
			buildActionMask = 2147483647;
			files = (
				EA5CA9BC2904766100D2DD4D /* Preview Assets.xcassets in Resources */,
				EA5CA9B92904766100D2DD4D /* Assets.xcassets in Resources */,
				EA8F0B1A292EB174009E73C6 /* GoogleService-Info.plist in Resources */,
				E6CBF42929368BAB0089C9A7 /* PrivacyPolicy.pdf in Resources */,
			);
			runOnlyForDeploymentPostprocessing = 0;
		};
		EA5CA9BF2904766100D2DD4D /* Resources */ = {
			isa = PBXResourcesBuildPhase;
			buildActionMask = 2147483647;
			files = (
			);
			runOnlyForDeploymentPostprocessing = 0;
		};
		EA5CA9C92904766100D2DD4D /* Resources */ = {
			isa = PBXResourcesBuildPhase;
			buildActionMask = 2147483647;
			files = (
			);
			runOnlyForDeploymentPostprocessing = 0;
		};
/* End PBXResourcesBuildPhase section */

/* Begin PBXSourcesBuildPhase section */
		EA5CA9AD2904766000D2DD4D /* Sources */ = {
			isa = PBXSourcesBuildPhase;
			buildActionMask = 2147483647;
			files = (
				EA4108572936A324009FDDA7 /* DatabaseModel.swift in Sources */,
				EA785A5A290F45D100FD7639 /* FooterButton.swift in Sources */,
				F1883F1A291BE1670000959D /* Question.swift in Sources */,
				EA07C332292FBFF9005F4DBF /* AuthenticationViewModel.swift in Sources */,
				F1DAB27429251F2E002F093B /* ViewRouter.swift in Sources */,
				EA043F48290A1EEA0012EFC4 /* Welcome.swift in Sources */,
				EA043F44290A1C8B0012EFC4 /* Splash.swift in Sources */,
				F1883F1B291BE1670000959D /* Footprint.swift in Sources */,
				F1DAB27029251C63002F093B /* MotherView.swift in Sources */,
				EA5CA9B52904766000D2DD4D /* TuHuellaAlimentariaBAMXApp.swift in Sources */,
				EA785A58290F408700FD7639 /* Instructions.swift in Sources */,
				EAA746F7293030A3003AE115 /* QuestionsViewModel.swift in Sources */,
				F1883F1C291BE1670000959D /* Donate.swift in Sources */,
				EA043F46290A1E1B0012EFC4 /* Login.swift in Sources */,
				F1DAB27229251CA9002F093B /* Helper.swift in Sources */,
			);
			runOnlyForDeploymentPostprocessing = 0;
		};
		EA5CA9BD2904766100D2DD4D /* Sources */ = {
			isa = PBXSourcesBuildPhase;
			buildActionMask = 2147483647;
			files = (
				EA5CA9C62904766100D2DD4D /* TuHuellaAlimentariaBAMXTests.swift in Sources */,
			);
			runOnlyForDeploymentPostprocessing = 0;
		};
		EA5CA9C72904766100D2DD4D /* Sources */ = {
			isa = PBXSourcesBuildPhase;
			buildActionMask = 2147483647;
			files = (
				EA5CA9D22904766100D2DD4D /* TuHuellaAlimentariaBAMXUITestsLaunchTests.swift in Sources */,
				EA5CA9D02904766100D2DD4D /* TuHuellaAlimentariaBAMXUITests.swift in Sources */,
			);
			runOnlyForDeploymentPostprocessing = 0;
		};
/* End PBXSourcesBuildPhase section */

/* Begin PBXTargetDependency section */
		EA5CA9C32904766100D2DD4D /* PBXTargetDependency */ = {
			isa = PBXTargetDependency;
			target = EA5CA9B02904766000D2DD4D /* TuHuellaAlimentariaBAMX */;
			targetProxy = EA5CA9C22904766100D2DD4D /* PBXContainerItemProxy */;
		};
		EA5CA9CD2904766100D2DD4D /* PBXTargetDependency */ = {
			isa = PBXTargetDependency;
			target = EA5CA9B02904766000D2DD4D /* TuHuellaAlimentariaBAMX */;
			targetProxy = EA5CA9CC2904766100D2DD4D /* PBXContainerItemProxy */;
		};
/* End PBXTargetDependency section */

/* Begin XCBuildConfiguration section */
		EA5CA9D32904766100D2DD4D /* Debug */ = {
			isa = XCBuildConfiguration;
			buildSettings = {
				ALWAYS_SEARCH_USER_PATHS = NO;
				CLANG_ANALYZER_NONNULL = YES;
				CLANG_ANALYZER_NUMBER_OBJECT_CONVERSION = YES_AGGRESSIVE;
				CLANG_CXX_LANGUAGE_STANDARD = "gnu++20";
				CLANG_ENABLE_MODULES = YES;
				CLANG_ENABLE_OBJC_ARC = YES;
				CLANG_ENABLE_OBJC_WEAK = YES;
				CLANG_WARN_BLOCK_CAPTURE_AUTORELEASING = YES;
				CLANG_WARN_BOOL_CONVERSION = YES;
				CLANG_WARN_COMMA = YES;
				CLANG_WARN_CONSTANT_CONVERSION = YES;
				CLANG_WARN_DEPRECATED_OBJC_IMPLEMENTATIONS = YES;
				CLANG_WARN_DIRECT_OBJC_ISA_USAGE = YES_ERROR;
				CLANG_WARN_DOCUMENTATION_COMMENTS = YES;
				CLANG_WARN_EMPTY_BODY = YES;
				CLANG_WARN_ENUM_CONVERSION = YES;
				CLANG_WARN_INFINITE_RECURSION = YES;
				CLANG_WARN_INT_CONVERSION = YES;
				CLANG_WARN_NON_LITERAL_NULL_CONVERSION = YES;
				CLANG_WARN_OBJC_IMPLICIT_RETAIN_SELF = YES;
				CLANG_WARN_OBJC_LITERAL_CONVERSION = YES;
				CLANG_WARN_OBJC_ROOT_CLASS = YES_ERROR;
				CLANG_WARN_QUOTED_INCLUDE_IN_FRAMEWORK_HEADER = YES;
				CLANG_WARN_RANGE_LOOP_ANALYSIS = YES;
				CLANG_WARN_STRICT_PROTOTYPES = YES;
				CLANG_WARN_SUSPICIOUS_MOVE = YES;
				CLANG_WARN_UNGUARDED_AVAILABILITY = YES_AGGRESSIVE;
				CLANG_WARN_UNREACHABLE_CODE = YES;
				CLANG_WARN__DUPLICATE_METHOD_MATCH = YES;
				COPY_PHASE_STRIP = NO;
				DEBUG_INFORMATION_FORMAT = dwarf;
				ENABLE_STRICT_OBJC_MSGSEND = YES;
				ENABLE_TESTABILITY = YES;
				GCC_C_LANGUAGE_STANDARD = gnu11;
				GCC_DYNAMIC_NO_PIC = NO;
				GCC_NO_COMMON_BLOCKS = YES;
				GCC_OPTIMIZATION_LEVEL = 0;
				GCC_PREPROCESSOR_DEFINITIONS = (
					"DEBUG=1",
					"$(inherited)",
				);
				GCC_WARN_64_TO_32_BIT_CONVERSION = YES;
				GCC_WARN_ABOUT_RETURN_TYPE = YES_ERROR;
				GCC_WARN_UNDECLARED_SELECTOR = YES;
				GCC_WARN_UNINITIALIZED_AUTOS = YES_AGGRESSIVE;
				GCC_WARN_UNUSED_FUNCTION = YES;
				GCC_WARN_UNUSED_VARIABLE = YES;
				IPHONEOS_DEPLOYMENT_TARGET = 16.0;
				MTL_ENABLE_DEBUG_INFO = INCLUDE_SOURCE;
				MTL_FAST_MATH = YES;
				ONLY_ACTIVE_ARCH = YES;
				SDKROOT = iphoneos;
				SWIFT_ACTIVE_COMPILATION_CONDITIONS = DEBUG;
				SWIFT_OPTIMIZATION_LEVEL = "-Onone";
			};
			name = Debug;
		};
		EA5CA9D42904766100D2DD4D /* Release */ = {
			isa = XCBuildConfiguration;
			buildSettings = {
				ALWAYS_SEARCH_USER_PATHS = NO;
				CLANG_ANALYZER_NONNULL = YES;
				CLANG_ANALYZER_NUMBER_OBJECT_CONVERSION = YES_AGGRESSIVE;
				CLANG_CXX_LANGUAGE_STANDARD = "gnu++20";
				CLANG_ENABLE_MODULES = YES;
				CLANG_ENABLE_OBJC_ARC = YES;
				CLANG_ENABLE_OBJC_WEAK = YES;
				CLANG_WARN_BLOCK_CAPTURE_AUTORELEASING = YES;
				CLANG_WARN_BOOL_CONVERSION = YES;
				CLANG_WARN_COMMA = YES;
				CLANG_WARN_CONSTANT_CONVERSION = YES;
				CLANG_WARN_DEPRECATED_OBJC_IMPLEMENTATIONS = YES;
				CLANG_WARN_DIRECT_OBJC_ISA_USAGE = YES_ERROR;
				CLANG_WARN_DOCUMENTATION_COMMENTS = YES;
				CLANG_WARN_EMPTY_BODY = YES;
				CLANG_WARN_ENUM_CONVERSION = YES;
				CLANG_WARN_INFINITE_RECURSION = YES;
				CLANG_WARN_INT_CONVERSION = YES;
				CLANG_WARN_NON_LITERAL_NULL_CONVERSION = YES;
				CLANG_WARN_OBJC_IMPLICIT_RETAIN_SELF = YES;
				CLANG_WARN_OBJC_LITERAL_CONVERSION = YES;
				CLANG_WARN_OBJC_ROOT_CLASS = YES_ERROR;
				CLANG_WARN_QUOTED_INCLUDE_IN_FRAMEWORK_HEADER = YES;
				CLANG_WARN_RANGE_LOOP_ANALYSIS = YES;
				CLANG_WARN_STRICT_PROTOTYPES = YES;
				CLANG_WARN_SUSPICIOUS_MOVE = YES;
				CLANG_WARN_UNGUARDED_AVAILABILITY = YES_AGGRESSIVE;
				CLANG_WARN_UNREACHABLE_CODE = YES;
				CLANG_WARN__DUPLICATE_METHOD_MATCH = YES;
				COPY_PHASE_STRIP = NO;
				DEBUG_INFORMATION_FORMAT = "dwarf-with-dsym";
				ENABLE_NS_ASSERTIONS = NO;
				ENABLE_STRICT_OBJC_MSGSEND = YES;
				GCC_C_LANGUAGE_STANDARD = gnu11;
				GCC_NO_COMMON_BLOCKS = YES;
				GCC_WARN_64_TO_32_BIT_CONVERSION = YES;
				GCC_WARN_ABOUT_RETURN_TYPE = YES_ERROR;
				GCC_WARN_UNDECLARED_SELECTOR = YES;
				GCC_WARN_UNINITIALIZED_AUTOS = YES_AGGRESSIVE;
				GCC_WARN_UNUSED_FUNCTION = YES;
				GCC_WARN_UNUSED_VARIABLE = YES;
				IPHONEOS_DEPLOYMENT_TARGET = 16.0;
				MTL_ENABLE_DEBUG_INFO = NO;
				MTL_FAST_MATH = YES;
				SDKROOT = iphoneos;
				SWIFT_COMPILATION_MODE = wholemodule;
				SWIFT_OPTIMIZATION_LEVEL = "-O";
				VALIDATE_PRODUCT = YES;
			};
			name = Release;
		};
		EA5CA9D62904766100D2DD4D /* Debug */ = {
			isa = XCBuildConfiguration;
			buildSettings = {
				ASSETCATALOG_COMPILER_APPICON_NAME = AppIcon;
				ASSETCATALOG_COMPILER_GLOBAL_ACCENT_COLOR_NAME = AccentColor;
				CODE_SIGN_STYLE = Automatic;
				CURRENT_PROJECT_VERSION = 1;
				DEVELOPMENT_ASSET_PATHS = "\"TuHuellaAlimentariaBAMX/Preview Content\"";
				DEVELOPMENT_TEAM = K2PWLQ2PSB;
				ENABLE_PREVIEWS = YES;
				GENERATE_INFOPLIST_FILE = YES;
				INFOPLIST_FILE = TuHuellaAlimentariaBAMX/Info.plist;
				INFOPLIST_KEY_UIApplicationSceneManifest_Generation = YES;
				INFOPLIST_KEY_UIApplicationSupportsIndirectInputEvents = YES;
				INFOPLIST_KEY_UILaunchScreen_Generation = YES;
				INFOPLIST_KEY_UISupportedInterfaceOrientations_iPad = "UIInterfaceOrientationPortrait UIInterfaceOrientationPortraitUpsideDown UIInterfaceOrientationLandscapeLeft UIInterfaceOrientationLandscapeRight";
				INFOPLIST_KEY_UISupportedInterfaceOrientations_iPhone = "UIInterfaceOrientationPortrait UIInterfaceOrientationLandscapeLeft UIInterfaceOrientationLandscapeRight";
				LD_RUNPATH_SEARCH_PATHS = (
					"$(inherited)",
					"@executable_path/Frameworks",
				);
				MARKETING_VERSION = 1.0;
				PRODUCT_BUNDLE_IDENTIFIER = mx.itesm.TuHuellaAlimentariaBAMX;
				PRODUCT_NAME = "$(TARGET_NAME)";
				SWIFT_EMIT_LOC_STRINGS = YES;
				SWIFT_VERSION = 5.0;
				TARGETED_DEVICE_FAMILY = "1,2";
			};
			name = Debug;
		};
		EA5CA9D72904766100D2DD4D /* Release */ = {
			isa = XCBuildConfiguration;
			buildSettings = {
				ASSETCATALOG_COMPILER_APPICON_NAME = AppIcon;
				ASSETCATALOG_COMPILER_GLOBAL_ACCENT_COLOR_NAME = AccentColor;
				CODE_SIGN_STYLE = Automatic;
				CURRENT_PROJECT_VERSION = 1;
				DEVELOPMENT_ASSET_PATHS = "\"TuHuellaAlimentariaBAMX/Preview Content\"";
				DEVELOPMENT_TEAM = K2PWLQ2PSB;
				ENABLE_PREVIEWS = YES;
				GENERATE_INFOPLIST_FILE = YES;
				INFOPLIST_FILE = TuHuellaAlimentariaBAMX/Info.plist;
				INFOPLIST_KEY_UIApplicationSceneManifest_Generation = YES;
				INFOPLIST_KEY_UIApplicationSupportsIndirectInputEvents = YES;
				INFOPLIST_KEY_UILaunchScreen_Generation = YES;
				INFOPLIST_KEY_UISupportedInterfaceOrientations_iPad = "UIInterfaceOrientationPortrait UIInterfaceOrientationPortraitUpsideDown UIInterfaceOrientationLandscapeLeft UIInterfaceOrientationLandscapeRight";
				INFOPLIST_KEY_UISupportedInterfaceOrientations_iPhone = "UIInterfaceOrientationPortrait UIInterfaceOrientationLandscapeLeft UIInterfaceOrientationLandscapeRight";
				LD_RUNPATH_SEARCH_PATHS = (
					"$(inherited)",
					"@executable_path/Frameworks",
				);
				MARKETING_VERSION = 1.0;
				PRODUCT_BUNDLE_IDENTIFIER = mx.itesm.TuHuellaAlimentariaBAMX;
				PRODUCT_NAME = "$(TARGET_NAME)";
				SWIFT_EMIT_LOC_STRINGS = YES;
				SWIFT_VERSION = 5.0;
				TARGETED_DEVICE_FAMILY = "1,2";
			};
			name = Release;
		};
		EA5CA9D92904766100D2DD4D /* Debug */ = {
			isa = XCBuildConfiguration;
			buildSettings = {
				ALWAYS_EMBED_SWIFT_STANDARD_LIBRARIES = YES;
				BUNDLE_LOADER = "$(TEST_HOST)";
				CODE_SIGN_STYLE = Automatic;
				CURRENT_PROJECT_VERSION = 1;
				DEVELOPMENT_TEAM = K2PWLQ2PSB;
				GENERATE_INFOPLIST_FILE = YES;
				IPHONEOS_DEPLOYMENT_TARGET = 16.0;
				MARKETING_VERSION = 1.0;
				PRODUCT_BUNDLE_IDENTIFIER = mx.itesm.TuHuellaAlimentariaBAMXTests;
				PRODUCT_NAME = "$(TARGET_NAME)";
				SWIFT_EMIT_LOC_STRINGS = NO;
				SWIFT_VERSION = 5.0;
				TARGETED_DEVICE_FAMILY = "1,2";
				TEST_HOST = "$(BUILT_PRODUCTS_DIR)/TuHuellaAlimentariaBAMX.app/$(BUNDLE_EXECUTABLE_FOLDER_PATH)/TuHuellaAlimentariaBAMX";
			};
			name = Debug;
		};
		EA5CA9DA2904766100D2DD4D /* Release */ = {
			isa = XCBuildConfiguration;
			buildSettings = {
				ALWAYS_EMBED_SWIFT_STANDARD_LIBRARIES = YES;
				BUNDLE_LOADER = "$(TEST_HOST)";
				CODE_SIGN_STYLE = Automatic;
				CURRENT_PROJECT_VERSION = 1;
				DEVELOPMENT_TEAM = K2PWLQ2PSB;
				GENERATE_INFOPLIST_FILE = YES;
				IPHONEOS_DEPLOYMENT_TARGET = 16.0;
				MARKETING_VERSION = 1.0;
				PRODUCT_BUNDLE_IDENTIFIER = mx.itesm.TuHuellaAlimentariaBAMXTests;
				PRODUCT_NAME = "$(TARGET_NAME)";
				SWIFT_EMIT_LOC_STRINGS = NO;
				SWIFT_VERSION = 5.0;
				TARGETED_DEVICE_FAMILY = "1,2";
				TEST_HOST = "$(BUILT_PRODUCTS_DIR)/TuHuellaAlimentariaBAMX.app/$(BUNDLE_EXECUTABLE_FOLDER_PATH)/TuHuellaAlimentariaBAMX";
			};
			name = Release;
		};
		EA5CA9DC2904766100D2DD4D /* Debug */ = {
			isa = XCBuildConfiguration;
			buildSettings = {
				ALWAYS_EMBED_SWIFT_STANDARD_LIBRARIES = YES;
				CODE_SIGN_STYLE = Automatic;
				CURRENT_PROJECT_VERSION = 1;
				DEVELOPMENT_TEAM = K2PWLQ2PSB;
				GENERATE_INFOPLIST_FILE = YES;
				MARKETING_VERSION = 1.0;
				PRODUCT_BUNDLE_IDENTIFIER = mx.itesm.TuHuellaAlimentariaBAMXUITests;
				PRODUCT_NAME = "$(TARGET_NAME)";
				SWIFT_EMIT_LOC_STRINGS = NO;
				SWIFT_VERSION = 5.0;
				TARGETED_DEVICE_FAMILY = "1,2";
				TEST_TARGET_NAME = TuHuellaAlimentariaBAMX;
			};
			name = Debug;
		};
		EA5CA9DD2904766100D2DD4D /* Release */ = {
			isa = XCBuildConfiguration;
			buildSettings = {
				ALWAYS_EMBED_SWIFT_STANDARD_LIBRARIES = YES;
				CODE_SIGN_STYLE = Automatic;
				CURRENT_PROJECT_VERSION = 1;
				DEVELOPMENT_TEAM = K2PWLQ2PSB;
				GENERATE_INFOPLIST_FILE = YES;
				MARKETING_VERSION = 1.0;
				PRODUCT_BUNDLE_IDENTIFIER = mx.itesm.TuHuellaAlimentariaBAMXUITests;
				PRODUCT_NAME = "$(TARGET_NAME)";
				SWIFT_EMIT_LOC_STRINGS = NO;
				SWIFT_VERSION = 5.0;
				TARGETED_DEVICE_FAMILY = "1,2";
				TEST_TARGET_NAME = TuHuellaAlimentariaBAMX;
			};
			name = Release;
		};
/* End XCBuildConfiguration section */

/* Begin XCConfigurationList section */
		EA5CA9AC2904766000D2DD4D /* Build configuration list for PBXProject "TuHuellaAlimentariaBAMX" */ = {
			isa = XCConfigurationList;
			buildConfigurations = (
				EA5CA9D32904766100D2DD4D /* Debug */,
				EA5CA9D42904766100D2DD4D /* Release */,
			);
			defaultConfigurationIsVisible = 0;
			defaultConfigurationName = Release;
		};
		EA5CA9D52904766100D2DD4D /* Build configuration list for PBXNativeTarget "TuHuellaAlimentariaBAMX" */ = {
			isa = XCConfigurationList;
			buildConfigurations = (
				EA5CA9D62904766100D2DD4D /* Debug */,
				EA5CA9D72904766100D2DD4D /* Release */,
			);
			defaultConfigurationIsVisible = 0;
			defaultConfigurationName = Release;
		};
		EA5CA9D82904766100D2DD4D /* Build configuration list for PBXNativeTarget "TuHuellaAlimentariaBAMXTests" */ = {
			isa = XCConfigurationList;
			buildConfigurations = (
				EA5CA9D92904766100D2DD4D /* Debug */,
				EA5CA9DA2904766100D2DD4D /* Release */,
			);
			defaultConfigurationIsVisible = 0;
			defaultConfigurationName = Release;
		};
		EA5CA9DB2904766100D2DD4D /* Build configuration list for PBXNativeTarget "TuHuellaAlimentariaBAMXUITests" */ = {
			isa = XCConfigurationList;
			buildConfigurations = (
				EA5CA9DC2904766100D2DD4D /* Debug */,
				EA5CA9DD2904766100D2DD4D /* Release */,
			);
			defaultConfigurationIsVisible = 0;
			defaultConfigurationName = Release;
		};
/* End XCConfigurationList section */

/* Begin XCRemoteSwiftPackageReference section */
		EA8F0B12292EAB31009E73C6 /* XCRemoteSwiftPackageReference "firebase-ios-sdk" */ = {
			isa = XCRemoteSwiftPackageReference;
			repositoryURL = "https://github.com/firebase/firebase-ios-sdk";
			requirement = {
				kind = upToNextMajorVersion;
				minimumVersion = 9.0.0;
			};
		};
		EA8F0B1E292FBC3C009E73C6 /* XCRemoteSwiftPackageReference "GoogleSignIn-iOS" */ = {
			isa = XCRemoteSwiftPackageReference;
			repositoryURL = "https://github.com/google/GoogleSignIn-iOS";
			requirement = {
				kind = upToNextMajorVersion;
				minimumVersion = 6.0.0;
			};
		};
/* End XCRemoteSwiftPackageReference section */

/* Begin XCSwiftPackageProductDependency section */
		EA8F0B13292EAB31009E73C6 /* FirebaseAuth */ = {
			isa = XCSwiftPackageProductDependency;
			package = EA8F0B12292EAB31009E73C6 /* XCRemoteSwiftPackageReference "firebase-ios-sdk" */;
			productName = FirebaseAuth;
		};
		EA8F0B15292EAB31009E73C6 /* FirebaseDatabase */ = {
			isa = XCSwiftPackageProductDependency;
			package = EA8F0B12292EAB31009E73C6 /* XCRemoteSwiftPackageReference "firebase-ios-sdk" */;
			productName = FirebaseDatabase;
		};
		EA8F0B17292EAB31009E73C6 /* FirebaseDatabaseSwift */ = {
			isa = XCSwiftPackageProductDependency;
			package = EA8F0B12292EAB31009E73C6 /* XCRemoteSwiftPackageReference "firebase-ios-sdk" */;
			productName = FirebaseDatabaseSwift;
		};
		EA8F0B1F292FBC3C009E73C6 /* GoogleSignIn */ = {
			isa = XCSwiftPackageProductDependency;
			package = EA8F0B1E292FBC3C009E73C6 /* XCRemoteSwiftPackageReference "GoogleSignIn-iOS" */;
			productName = GoogleSignIn;
		};
/* End XCSwiftPackageProductDependency section */
	};
	rootObject = EA5CA9A92904766000D2DD4D /* Project object */;
}
